PODS:
  - audio_session (0.0.1):
    - Flutter
  - Flutter (1.0.0)
  - haishin_kit (0.11.2):
    - Flutter
    - HaishinKit (= 1.5.7)
  - HaishinKit (1.5.7):
    - Logboard (~> 2.3.1)
  - Logboard (2.3.1)
  - permission_handler_apple (9.1.1):
    - Flutter

DEPENDENCIES:
  - audio_session (from `.symlinks/plugins/audio_session/ios`)
  - Flutter (from `Flutter`)
  - haishin_kit (from `.symlinks/plugins/haishin_kit/ios`)
  - permission_handler_apple (from `.symlinks/plugins/permission_handler_apple/ios`)

SPEC REPOS:
  trunk:
    - HaishinKit
    - Logboard

EXTERNAL SOURCES:
  audio_session:
    :path: ".symlinks/plugins/audio_session/ios"
  Flutter:
    :path: Flutter
  haishin_kit:
    :path: ".symlinks/plugins/haishin_kit/ios"
  permission_handler_apple:
    :path: ".symlinks/plugins/permission_handler_apple/ios"

SPEC CHECKSUMS:
  audio_session: 4f3e461722055d21515cf3261b64c973c062f345
  Flutter: f04841e97a9d0b0a8025694d0796dd46242b2854
  haishin_kit: 3cf004bf34ecfb3ff3ec2606393c5a43ea4aa1e7
  HaishinKit: 0fb6d3ff865dcc6a3fac6f2da66cb337275466ce
  Logboard: 3d98bb85de6a36b255ab637e8178eb5671c5c3a6
  permission_handler_apple: e76247795d700c14ea09e3a2d8855d41ee80a2e6

PODFILE CHECKSUM: 1d4f584ecee31f81e6b1ae37103ab21a5f7aac05

COCOAPODS: 1.12.1
