PODS:
  - audio_session (0.0.1):
    - Flutter
  - Flutter (1.0.0)
  - haishin_kit (0.12.0):
    - Flutter
    - HaishinKit (= 1.7.3)
  - HaishinKit (1.7.3):
    - Logboard (~> 2.4.1)
  - Logboard (2.4.1)
  - permission_handler_apple (9.1.1):
    - Flutter

DEPENDENCIES:
  - audio_session (from `.symlinks/plugins/audio_session/ios`)
  - Flutter (from `Flutter`)
  - haishin_kit (from `.symlinks/plugins/haishin_kit/ios`)
  - permission_handler_apple (from `.symlinks/plugins/permission_handler_apple/ios`)

SPEC REPOS:
  trunk:
    - HaishinKit
    - Logboard

EXTERNAL SOURCES:
  audio_session:
    :path: ".symlinks/plugins/audio_session/ios"
  Flutter:
    :path: Flutter
  haishin_kit:
    :path: ".symlinks/plugins/haishin_kit/ios"
  permission_handler_apple:
    :path: ".symlinks/plugins/permission_handler_apple/ios"

SPEC CHECKSUMS:
  audio_session: 4f3e461722055d21515cf3261b64c973c062f345
  Flutter: f04841e97a9d0b0a8025694d0796dd46242b2854
  haishin_kit: 78778a018aeb3994a8e2e4dcda47b7dee2bbeb41
  HaishinKit: 326e27c4d06427ba53bffc68e516a92033293051
  Logboard: b78984e3f9fa5075d5bfd9308d51b453992aad0e
  permission_handler_apple: e76247795d700c14ea09e3a2d8855d41ee80a2e6

PODFILE CHECKSUM: 24c72d9ee01e617bdfa511ca3a2c7ceb691edc60

COCOAPODS: 1.14.3
